
Microsoft Visual Studio Solution File, Format Version 12.00
# Visual Studio Version 16
VisualStudioVersion = 16.0.31911.196
MinimumVisualStudioVersion = 10.0.40219.1
Project("{2150E333-8FDC-42A3-9474-1A3956D46DE8}") = "Services", "Services", "{87D77FC8-626B-4227-93F4-1459F1A1F624}"
EndProject
Project("{2150E333-8FDC-42A3-9474-1A3956D46DE8}") = "Catalog", "Catalog", "{12C61F8B-2305-4FD9-92F2-31D7A40CB0E4}"
EndProject
Project("{9A19103F-16F7-4668-BE54-9A1E7A4F7556}") = "Catalog.Api", "Services\Catalog\Catalog.Api\Catalog.Api.csproj", "{04673E3B-DB35-40B6-A26D-30AB7F31B341}"
EndProject
Project("{E53339B2-1760-4266-BCC7-CA923CBCF16C}") = "docker-compose", "docker-compose.dcproj", "{83AD51B9-EA85-46D7-9988-5FB0CF517E1B}"
EndProject
Project("{2150E333-8FDC-42A3-9474-1A3956D46DE8}") = "Basket", "Basket", "{827E7D71-9357-4758-BBC6-742746C0956F}"
EndProject
Project("{9A19103F-16F7-4668-BE54-9A1E7A4F7556}") = "Basket.Api", "Services\Basket\Basket.Api\Basket.Api.csproj", "{F710DCEA-DD68-49E1-B69A-9652F389A4CD}"
EndProject
Project("{2150E333-8FDC-42A3-9474-1A3956D46DE8}") = "DiscountV2", "DiscountV2", "{B8E42B19-C614-491F-92DC-59EDE4D9CC7C}"
EndProject
Project("{9A19103F-16F7-4668-BE54-9A1E7A4F7556}") = "DiscountV2.Api", "Services\DiscountV2\DiscountV2.Api\DiscountV2.Api.csproj", "{899C2B8E-9422-4143-B9D0-1FD1A6B60D79}"
EndProject
Project("{9A19103F-16F7-4668-BE54-9A1E7A4F7556}") = "Discount.Grpc", "Services\DiscountV2\Discount.Grpc\Discount.Grpc.csproj", "{8C795C03-8788-4DC1-A291-9CD7DEDD2010}"
EndProject
Project("{2150E333-8FDC-42A3-9474-1A3956D46DE8}") = "Ordering", "Ordering", "{B57CF653-3200-4826-910F-1CA10CFA1936}"
EndProject
Project("{9A19103F-16F7-4668-BE54-9A1E7A4F7556}") = "Ordering.API", "Services\Ordering\Ordering.API\Ordering.API.csproj", "{31C001CE-1E63-4A18-AFED-C1016FB5602C}"
EndProject
Project("{9A19103F-16F7-4668-BE54-9A1E7A4F7556}") = "Ordering.Domain", "Services\Ordering\Ordering.Domain\Ordering.Domain.csproj", "{445E4A56-3C2A-4A59-9063-F32F46E2B96E}"
EndProject
Project("{9A19103F-16F7-4668-BE54-9A1E7A4F7556}") = "Ordering.Application", "Services\Ordering\Ordering.Application\Ordering.Application.csproj", "{8D04D69C-C4E5-4B3F-A7B6-5E76FCC32751}"
EndProject
Project("{9A19103F-16F7-4668-BE54-9A1E7A4F7556}") = "Ordering.Infrastructure", "Services\Ordering\Ordering.Infrastructure\Ordering.Infrastructure.csproj", "{761E2EBC-0DC1-4244-A038-30C43902398E}"
EndProject
Project("{2150E333-8FDC-42A3-9474-1A3956D46DE8}") = "BuildingBlocks", "BuildingBlocks", "{B04EDBC7-CDC7-4970-B96A-2DF075F0E7E4}"
EndProject
Project("{FAE04EC0-301F-11D3-BF4B-00C04F79EFBC}") = "EventBus.Messages", "BuildingBlocks\EventBus.Messages\EventBus.Messages.csproj", "{125E8C1F-C414-4153-90CA-079F428AC720}"
EndProject
Project("{2150E333-8FDC-42A3-9474-1A3956D46DE8}") = "ApiGateways", "ApiGateways", "{742CC7AB-F5A7-48E8-908E-4BCB9FC6F9C0}"
EndProject
Project("{FAE04EC0-301F-11D3-BF4B-00C04F79EFBC}") = "OcelotApiGw", "ApiGateways\OcelotApiGw\OcelotApiGw.csproj", "{696AC509-81E5-453B-BBA2-8234964982FA}"
EndProject
Global
	GlobalSection(SolutionConfigurationPlatforms) = preSolution
		Debug|Any CPU = Debug|Any CPU
		Release|Any CPU = Release|Any CPU
	EndGlobalSection
	GlobalSection(ProjectConfigurationPlatforms) = postSolution
		{04673E3B-DB35-40B6-A26D-30AB7F31B341}.Debug|Any CPU.ActiveCfg = Debug|Any CPU
		{04673E3B-DB35-40B6-A26D-30AB7F31B341}.Debug|Any CPU.Build.0 = Debug|Any CPU
		{04673E3B-DB35-40B6-A26D-30AB7F31B341}.Release|Any CPU.ActiveCfg = Release|Any CPU
		{04673E3B-DB35-40B6-A26D-30AB7F31B341}.Release|Any CPU.Build.0 = Release|Any CPU
		{83AD51B9-EA85-46D7-9988-5FB0CF517E1B}.Debug|Any CPU.ActiveCfg = Debug|Any CPU
		{83AD51B9-EA85-46D7-9988-5FB0CF517E1B}.Debug|Any CPU.Build.0 = Debug|Any CPU
		{83AD51B9-EA85-46D7-9988-5FB0CF517E1B}.Release|Any CPU.ActiveCfg = Release|Any CPU
		{83AD51B9-EA85-46D7-9988-5FB0CF517E1B}.Release|Any CPU.Build.0 = Release|Any CPU
		{F710DCEA-DD68-49E1-B69A-9652F389A4CD}.Debug|Any CPU.ActiveCfg = Debug|Any CPU
		{F710DCEA-DD68-49E1-B69A-9652F389A4CD}.Debug|Any CPU.Build.0 = Debug|Any CPU
		{F710DCEA-DD68-49E1-B69A-9652F389A4CD}.Release|Any CPU.ActiveCfg = Release|Any CPU
		{F710DCEA-DD68-49E1-B69A-9652F389A4CD}.Release|Any CPU.Build.0 = Release|Any CPU
		{899C2B8E-9422-4143-B9D0-1FD1A6B60D79}.Debug|Any CPU.ActiveCfg = Debug|Any CPU
		{899C2B8E-9422-4143-B9D0-1FD1A6B60D79}.Debug|Any CPU.Build.0 = Debug|Any CPU
		{899C2B8E-9422-4143-B9D0-1FD1A6B60D79}.Release|Any CPU.ActiveCfg = Release|Any CPU
		{899C2B8E-9422-4143-B9D0-1FD1A6B60D79}.Release|Any CPU.Build.0 = Release|Any CPU
		{8C795C03-8788-4DC1-A291-9CD7DEDD2010}.Debug|Any CPU.ActiveCfg = Debug|Any CPU
		{8C795C03-8788-4DC1-A291-9CD7DEDD2010}.Debug|Any CPU.Build.0 = Debug|Any CPU
		{8C795C03-8788-4DC1-A291-9CD7DEDD2010}.Release|Any CPU.ActiveCfg = Release|Any CPU
		{8C795C03-8788-4DC1-A291-9CD7DEDD2010}.Release|Any CPU.Build.0 = Release|Any CPU
		{31C001CE-1E63-4A18-AFED-C1016FB5602C}.Debug|Any CPU.ActiveCfg = Debug|Any CPU
		{31C001CE-1E63-4A18-AFED-C1016FB5602C}.Debug|Any CPU.Build.0 = Debug|Any CPU
		{31C001CE-1E63-4A18-AFED-C1016FB5602C}.Release|Any CPU.ActiveCfg = Release|Any CPU
		{31C001CE-1E63-4A18-AFED-C1016FB5602C}.Release|Any CPU.Build.0 = Release|Any CPU
		{445E4A56-3C2A-4A59-9063-F32F46E2B96E}.Debug|Any CPU.ActiveCfg = Debug|Any CPU
		{445E4A56-3C2A-4A59-9063-F32F46E2B96E}.Debug|Any CPU.Build.0 = Debug|Any CPU
		{445E4A56-3C2A-4A59-9063-F32F46E2B96E}.Release|Any CPU.ActiveCfg = Release|Any CPU
		{445E4A56-3C2A-4A59-9063-F32F46E2B96E}.Release|Any CPU.Build.0 = Release|Any CPU
		{8D04D69C-C4E5-4B3F-A7B6-5E76FCC32751}.Debug|Any CPU.ActiveCfg = Debug|Any CPU
		{8D04D69C-C4E5-4B3F-A7B6-5E76FCC32751}.Debug|Any CPU.Build.0 = Debug|Any CPU
		{8D04D69C-C4E5-4B3F-A7B6-5E76FCC32751}.Release|Any CPU.ActiveCfg = Release|Any CPU
		{8D04D69C-C4E5-4B3F-A7B6-5E76FCC32751}.Release|Any CPU.Build.0 = Release|Any CPU
		{761E2EBC-0DC1-4244-A038-30C43902398E}.Debug|Any CPU.ActiveCfg = Debug|Any CPU
		{761E2EBC-0DC1-4244-A038-30C43902398E}.Debug|Any CPU.Build.0 = Debug|Any CPU
		{761E2EBC-0DC1-4244-A038-30C43902398E}.Release|Any CPU.ActiveCfg = Release|Any CPU
		{761E2EBC-0DC1-4244-A038-30C43902398E}.Release|Any CPU.Build.0 = Release|Any CPU
		{125E8C1F-C414-4153-90CA-079F428AC720}.Debug|Any CPU.ActiveCfg = Debug|Any CPU
		{125E8C1F-C414-4153-90CA-079F428AC720}.Debug|Any CPU.Build.0 = Debug|Any CPU
		{125E8C1F-C414-4153-90CA-079F428AC720}.Release|Any CPU.ActiveCfg = Release|Any CPU
		{125E8C1F-C414-4153-90CA-079F428AC720}.Release|Any CPU.Build.0 = Release|Any CPU
		{696AC509-81E5-453B-BBA2-8234964982FA}.Debug|Any CPU.ActiveCfg = Debug|Any CPU
		{696AC509-81E5-453B-BBA2-8234964982FA}.Debug|Any CPU.Build.0 = Debug|Any CPU
		{696AC509-81E5-453B-BBA2-8234964982FA}.Release|Any CPU.ActiveCfg = Release|Any CPU
		{696AC509-81E5-453B-BBA2-8234964982FA}.Release|Any CPU.Build.0 = Release|Any CPU
	EndGlobalSection
	GlobalSection(SolutionProperties) = preSolution
		HideSolutionNode = FALSE
	EndGlobalSection
	GlobalSection(NestedProjects) = preSolution
		{12C61F8B-2305-4FD9-92F2-31D7A40CB0E4} = {87D77FC8-626B-4227-93F4-1459F1A1F624}
		{04673E3B-DB35-40B6-A26D-30AB7F31B341} = {12C61F8B-2305-4FD9-92F2-31D7A40CB0E4}
		{827E7D71-9357-4758-BBC6-742746C0956F} = {87D77FC8-626B-4227-93F4-1459F1A1F624}
		{F710DCEA-DD68-49E1-B69A-9652F389A4CD} = {827E7D71-9357-4758-BBC6-742746C0956F}
		{B8E42B19-C614-491F-92DC-59EDE4D9CC7C} = {87D77FC8-626B-4227-93F4-1459F1A1F624}
		{899C2B8E-9422-4143-B9D0-1FD1A6B60D79} = {B8E42B19-C614-491F-92DC-59EDE4D9CC7C}
		{8C795C03-8788-4DC1-A291-9CD7DEDD2010} = {B8E42B19-C614-491F-92DC-59EDE4D9CC7C}
		{B57CF653-3200-4826-910F-1CA10CFA1936} = {87D77FC8-626B-4227-93F4-1459F1A1F624}
		{31C001CE-1E63-4A18-AFED-C1016FB5602C} = {B57CF653-3200-4826-910F-1CA10CFA1936}
		{445E4A56-3C2A-4A59-9063-F32F46E2B96E} = {B57CF653-3200-4826-910F-1CA10CFA1936}
		{8D04D69C-C4E5-4B3F-A7B6-5E76FCC32751} = {B57CF653-3200-4826-910F-1CA10CFA1936}
		{761E2EBC-0DC1-4244-A038-30C43902398E} = {B57CF653-3200-4826-910F-1CA10CFA1936}
		{125E8C1F-C414-4153-90CA-079F428AC720} = {B04EDBC7-CDC7-4970-B96A-2DF075F0E7E4}
		{696AC509-81E5-453B-BBA2-8234964982FA} = {742CC7AB-F5A7-48E8-908E-4BCB9FC6F9C0}
	EndGlobalSection
	GlobalSection(ExtensibilityGlobals) = postSolution
		SolutionGuid = {6A9FBFD0-4DCE-466C-B294-082B7E7342BB}
	EndGlobalSection
EndGlobal
